
Microsoft Visual Studio Solution File, Format Version 12.00
# Visual Studio 2013
VisualStudioVersion = 12.0.30723.0
MinimumVisualStudioVersion = 10.0.40219.1
Project("{FAE04EC0-301F-11D3-BF4B-00C04F79EFBC}") = "Cloud-Vibe.Web", "Cloud-Vibe\Cloud-Vibe.Web.csproj", "{2BC2EA10-31ED-40E3-A1C0-5D5949BCAD0E}"
EndProject
Project("{FAE04EC0-301F-11D3-BF4B-00C04F79EFBC}") = "Cloud-Vibe.Tests", "Cloud-Vibe.Tests\Cloud-Vibe.Tests.csproj", "{EF94A6E7-79A2-4988-8C53-521F2B4B7141}"
EndProject
Global
	GlobalSection(SolutionConfigurationPlatforms) = preSolution
		Debug|Any CPU = Debug|Any CPU
		Release|Any CPU = Release|Any CPU
	EndGlobalSection
	GlobalSection(ProjectConfigurationPlatforms) = postSolution
		{2BC2EA10-31ED-40E3-A1C0-5D5949BCAD0E}.Debug|Any CPU.ActiveCfg = Debug|Any CPU
		{2BC2EA10-31ED-40E3-A1C0-5D5949BCAD0E}.Debug|Any CPU.Build.0 = Debug|Any CPU
		{2BC2EA10-31ED-40E3-A1C0-5D5949BCAD0E}.Release|Any CPU.ActiveCfg = Release|Any CPU
		{2BC2EA10-31ED-40E3-A1C0-5D5949BCAD0E}.Release|Any CPU.Build.0 = Release|Any CPU
		{EF94A6E7-79A2-4988-8C53-521F2B4B7141}.Debug|Any CPU.ActiveCfg = Debug|Any CPU
		{EF94A6E7-79A2-4988-8C53-521F2B4B7141}.Debug|Any CPU.Build.0 = Debug|Any CPU
		{EF94A6E7-79A2-4988-8C53-521F2B4B7141}.Release|Any CPU.ActiveCfg = Release|Any CPU
		{EF94A6E7-79A2-4988-8C53-521F2B4B7141}.Release|Any CPU.Build.0 = Release|Any CPU
	EndGlobalSection
	GlobalSection(SolutionProperties) = preSolution
		HideSolutionNode = FALSE
	EndGlobalSection
EndGlobal
